// !$*UTF8*$!
{
	archiveVersion = 1;
	classes = {
	};
	objectVersion = 50;
	objects = {

/* Begin PBXBuildFile section */
		3447E9E924A9437E0036901A /* AppDelegate.m in Sources */ = {isa = PBXBuildFile; fileRef = 3447E9E824A9437E0036901A /* AppDelegate.m */; };
		3447E9EC24A9437E0036901A /* SceneDelegate.m in Sources */ = {isa = PBXBuildFile; fileRef = 3447E9EB24A9437E0036901A /* SceneDelegate.m */; };
		3447E9EF24A9437E0036901A /* ViewController.m in Sources */ = {isa = PBXBuildFile; fileRef = 3447E9EE24A9437E0036901A /* ViewController.m */; };
		3447E9F224A9437E0036901A /* Main.storyboard in Resources */ = {isa = PBXBuildFile; fileRef = 3447E9F024A9437E0036901A /* Main.storyboard */; };
		3447E9F424A943800036901A /* Assets.xcassets in Resources */ = {isa = PBXBuildFile; fileRef = 3447E9F324A943800036901A /* Assets.xcassets */; };
		3447E9F724A943800036901A /* LaunchScreen.storyboard in Resources */ = {isa = PBXBuildFile; fileRef = 3447E9F524A943800036901A /* LaunchScreen.storyboard */; };
		3447E9FA24A943800036901A /* main.m in Sources */ = {isa = PBXBuildFile; fileRef = 3447E9F924A943800036901A /* main.m */; };
		3447EA0424A943800036901A /* SymphoTestTests.m in Sources */ = {isa = PBXBuildFile; fileRef = 3447EA0324A943800036901A /* SymphoTestTests.m */; };
		3447EA1124A9BA6E0036901A /* BlogService.m in Sources */ = {isa = PBXBuildFile; fileRef = 3447EA1024A9BA6E0036901A /* BlogService.m */; };
		3447EA1A24A9C5520036901A /* NSThread+Block.m in Sources */ = {isa = PBXBuildFile; fileRef = 3447EA1824A9C5520036901A /* NSThread+Block.m */; };
		3447EA1D24A9C6E60036901A /* authors_1.json in Resources */ = {isa = PBXBuildFile; fileRef = 3447EA1C24A9C6E60036901A /* authors_1.json */; };
		3447EA2024A9C73F0036901A /* ServerStub.m in Sources */ = {isa = PBXBuildFile; fileRef = 3447EA1F24A9C73F0036901A /* ServerStub.m */; };
		3447EA2324A9CD520036901A /* Author.m in Sources */ = {isa = PBXBuildFile; fileRef = 3447EA2224A9CD520036901A /* Author.m */; };
		3447EA2624A9CEC40036901A /* authors_2.json in Resources */ = {isa = PBXBuildFile; fileRef = 3447EA2424A9CEC40036901A /* authors_2.json */; };
		3447EA2724A9CEC40036901A /* authors_3.json in Resources */ = {isa = PBXBuildFile; fileRef = 3447EA2524A9CEC40036901A /* authors_3.json */; };
		3447EA2B24A9D9390036901A /* Post.m in Sources */ = {isa = PBXBuildFile; fileRef = 3447EA2A24A9D9390036901A /* Post.m */; };
		3447EA2E24A9D94C0036901A /* Comment.m in Sources */ = {isa = PBXBuildFile; fileRef = 3447EA2D24A9D94C0036901A /* Comment.m */; };
		3447EA3224A9D9F10036901A /* author1_page3.json in Resources */ = {isa = PBXBuildFile; fileRef = 3447EA2F24A9D9F10036901A /* author1_page3.json */; };
		3447EA3324A9D9F10036901A /* author1_page1.json in Resources */ = {isa = PBXBuildFile; fileRef = 3447EA3024A9D9F10036901A /* author1_page1.json */; };
		3447EA3424A9D9F10036901A /* author1_page2.json in Resources */ = {isa = PBXBuildFile; fileRef = 3447EA3124A9D9F10036901A /* author1_page2.json */; };
		3447EA3524A9E4050036901A /* authors_2.json in Resources */ = {isa = PBXBuildFile; fileRef = 3447EA2424A9CEC40036901A /* authors_2.json */; };
		3447EA3624A9E4050036901A /* authors_3.json in Resources */ = {isa = PBXBuildFile; fileRef = 3447EA2524A9CEC40036901A /* authors_3.json */; };
		3447EA3724A9E4050036901A /* author1_page1.json in Resources */ = {isa = PBXBuildFile; fileRef = 3447EA3024A9D9F10036901A /* author1_page1.json */; };
		3447EA3824A9E4050036901A /* author1_page2.json in Resources */ = {isa = PBXBuildFile; fileRef = 3447EA3124A9D9F10036901A /* author1_page2.json */; };
		3447EA3924A9E4050036901A /* author1_page3.json in Resources */ = {isa = PBXBuildFile; fileRef = 3447EA2F24A9D9F10036901A /* author1_page3.json */; };
		3447EA3D24A9F0310036901A /* comments1_page3.json in Resources */ = {isa = PBXBuildFile; fileRef = 3447EA3A24A9F0310036901A /* comments1_page3.json */; };
		3447EA3E24A9F0310036901A /* comments1_page2.json in Resources */ = {isa = PBXBuildFile; fileRef = 3447EA3B24A9F0310036901A /* comments1_page2.json */; };
		3447EA3F24A9F0310036901A /* comments1_page1.json in Resources */ = {isa = PBXBuildFile; fileRef = 3447EA3C24A9F0310036901A /* comments1_page1.json */; };
		3447EA4024AA19A10036901A /* comments1_page1.json in Resources */ = {isa = PBXBuildFile; fileRef = 3447EA3C24A9F0310036901A /* comments1_page1.json */; };
		3447EA4124AA19A10036901A /* comments1_page2.json in Resources */ = {isa = PBXBuildFile; fileRef = 3447EA3B24A9F0310036901A /* comments1_page2.json */; };
		3447EA4224AA19A10036901A /* comments1_page3.json in Resources */ = {isa = PBXBuildFile; fileRef = 3447EA3A24A9F0310036901A /* comments1_page3.json */; };
/* End PBXBuildFile section */

/* Begin PBXContainerItemProxy section */
		3447EA0024A943800036901A /* PBXContainerItemProxy */ = {
			isa = PBXContainerItemProxy;
			containerPortal = 3447E9DC24A9437E0036901A /* Project object */;
			proxyType = 1;
			remoteGlobalIDString = 3447E9E324A9437E0036901A;
			remoteInfo = SymphoTest;
		};
/* End PBXContainerItemProxy section */

/* Begin PBXFileReference section */
		3447E9E424A9437E0036901A /* SymphoProject.app */ = {isa = PBXFileReference; explicitFileType = wrapper.application; includeInIndex = 0; path = SymphoProject.app; sourceTree = BUILT_PRODUCTS_DIR; };
		3447E9E724A9437E0036901A /* AppDelegate.h */ = {isa = PBXFileReference; lastKnownFileType = sourcecode.c.h; path = AppDelegate.h; sourceTree = "<group>"; };
		3447E9E824A9437E0036901A /* AppDelegate.m */ = {isa = PBXFileReference; lastKnownFileType = sourcecode.c.objc; path = AppDelegate.m; sourceTree = "<group>"; };
		3447E9EA24A9437E0036901A /* SceneDelegate.h */ = {isa = PBXFileReference; lastKnownFileType = sourcecode.c.h; path = SceneDelegate.h; sourceTree = "<group>"; };
		3447E9EB24A9437E0036901A /* SceneDelegate.m */ = {isa = PBXFileReference; lastKnownFileType = sourcecode.c.objc; path = SceneDelegate.m; sourceTree = "<group>"; };
		3447E9ED24A9437E0036901A /* ViewController.h */ = {isa = PBXFileReference; lastKnownFileType = sourcecode.c.h; path = ViewController.h; sourceTree = "<group>"; };
		3447E9EE24A9437E0036901A /* ViewController.m */ = {isa = PBXFileReference; lastKnownFileType = sourcecode.c.objc; path = ViewController.m; sourceTree = "<group>"; };
		3447E9F124A9437E0036901A /* Base */ = {isa = PBXFileReference; lastKnownFileType = file.storyboard; name = Base; path = Base.lproj/Main.storyboard; sourceTree = "<group>"; };
		3447E9F324A943800036901A /* Assets.xcassets */ = {isa = PBXFileReference; lastKnownFileType = folder.assetcatalog; path = Assets.xcassets; sourceTree = "<group>"; };
		3447E9F624A943800036901A /* Base */ = {isa = PBXFileReference; lastKnownFileType = file.storyboard; name = Base; path = Base.lproj/LaunchScreen.storyboard; sourceTree = "<group>"; };
		3447E9F824A943800036901A /* Info.plist */ = {isa = PBXFileReference; lastKnownFileType = text.plist.xml; path = Info.plist; sourceTree = "<group>"; };
		3447E9F924A943800036901A /* main.m */ = {isa = PBXFileReference; lastKnownFileType = sourcecode.c.objc; path = main.m; sourceTree = "<group>"; };
		3447E9FF24A943800036901A /* SymphoProjectTests.xctest */ = {isa = PBXFileReference; explicitFileType = wrapper.cfbundle; includeInIndex = 0; path = SymphoProjectTests.xctest; sourceTree = BUILT_PRODUCTS_DIR; };
		3447EA0324A943800036901A /* SymphoTestTests.m */ = {isa = PBXFileReference; lastKnownFileType = sourcecode.c.objc; path = SymphoTestTests.m; sourceTree = "<group>"; };
		3447EA0524A943800036901A /* Info.plist */ = {isa = PBXFileReference; lastKnownFileType = text.plist.xml; path = Info.plist; sourceTree = "<group>"; };
		3447EA0F24A9BA6E0036901A /* BlogService.h */ = {isa = PBXFileReference; lastKnownFileType = sourcecode.c.h; path = BlogService.h; sourceTree = "<group>"; };
		3447EA1024A9BA6E0036901A /* BlogService.m */ = {isa = PBXFileReference; lastKnownFileType = sourcecode.c.objc; path = BlogService.m; sourceTree = "<group>"; };
		3447EA1824A9C5520036901A /* NSThread+Block.m */ = {isa = PBXFileReference; fileEncoding = 4; lastKnownFileType = sourcecode.c.objc; path = "NSThread+Block.m"; sourceTree = "<group>"; };
		3447EA1924A9C5520036901A /* NSThread+Block.h */ = {isa = PBXFileReference; fileEncoding = 4; lastKnownFileType = sourcecode.c.h; path = "NSThread+Block.h"; sourceTree = "<group>"; };
		3447EA1C24A9C6E60036901A /* authors_1.json */ = {isa = PBXFileReference; fileEncoding = 4; lastKnownFileType = text.json; path = authors_1.json; sourceTree = "<group>"; };
		3447EA1E24A9C73F0036901A /* ServerStub.h */ = {isa = PBXFileReference; lastKnownFileType = sourcecode.c.h; path = ServerStub.h; sourceTree = "<group>"; };
		3447EA1F24A9C73F0036901A /* ServerStub.m */ = {isa = PBXFileReference; lastKnownFileType = sourcecode.c.objc; path = ServerStub.m; sourceTree = "<group>"; };
		3447EA2124A9CD520036901A /* Author.h */ = {isa = PBXFileReference; lastKnownFileType = sourcecode.c.h; path = Author.h; sourceTree = "<group>"; };
		3447EA2224A9CD520036901A /* Author.m */ = {isa = PBXFileReference; lastKnownFileType = sourcecode.c.objc; path = Author.m; sourceTree = "<group>"; };
		3447EA2424A9CEC40036901A /* authors_2.json */ = {isa = PBXFileReference; fileEncoding = 4; lastKnownFileType = text.json; path = authors_2.json; sourceTree = "<group>"; };
		3447EA2524A9CEC40036901A /* authors_3.json */ = {isa = PBXFileReference; fileEncoding = 4; lastKnownFileType = text.json; path = authors_3.json; sourceTree = "<group>"; };
		3447EA2824A9D7C00036901A /* BlogService+internal.h */ = {isa = PBXFileReference; lastKnownFileType = sourcecode.c.h; path = "BlogService+internal.h"; sourceTree = "<group>"; };
		3447EA2924A9D9390036901A /* Post.h */ = {isa = PBXFileReference; lastKnownFileType = sourcecode.c.h; path = Post.h; sourceTree = "<group>"; };
		3447EA2A24A9D9390036901A /* Post.m */ = {isa = PBXFileReference; lastKnownFileType = sourcecode.c.objc; path = Post.m; sourceTree = "<group>"; };
		3447EA2C24A9D94C0036901A /* Comment.h */ = {isa = PBXFileReference; lastKnownFileType = sourcecode.c.h; path = Comment.h; sourceTree = "<group>"; };
		3447EA2D24A9D94C0036901A /* Comment.m */ = {isa = PBXFileReference; lastKnownFileType = sourcecode.c.objc; path = Comment.m; sourceTree = "<group>"; };
		3447EA2F24A9D9F10036901A /* author1_page3.json */ = {isa = PBXFileReference; fileEncoding = 4; lastKnownFileType = text.json; path = author1_page3.json; sourceTree = "<group>"; };
		3447EA3024A9D9F10036901A /* author1_page1.json */ = {isa = PBXFileReference; fileEncoding = 4; lastKnownFileType = text.json; path = author1_page1.json; sourceTree = "<group>"; };
		3447EA3124A9D9F10036901A /* author1_page2.json */ = {isa = PBXFileReference; fileEncoding = 4; lastKnownFileType = text.json; path = author1_page2.json; sourceTree = "<group>"; };
		3447EA3A24A9F0310036901A /* comments1_page3.json */ = {isa = PBXFileReference; fileEncoding = 4; lastKnownFileType = text.json; path = comments1_page3.json; sourceTree = "<group>"; };
		3447EA3B24A9F0310036901A /* comments1_page2.json */ = {isa = PBXFileReference; fileEncoding = 4; lastKnownFileType = text.json; path = comments1_page2.json; sourceTree = "<group>"; };
		3447EA3C24A9F0310036901A /* comments1_page1.json */ = {isa = PBXFileReference; fileEncoding = 4; lastKnownFileType = text.json; path = comments1_page1.json; sourceTree = "<group>"; };
/* End PBXFileReference section */

/* Begin PBXFrameworksBuildPhase section */
		3447E9E124A9437E0036901A /* Frameworks */ = {
			isa = PBXFrameworksBuildPhase;
			buildActionMask = 2147483647;
			files = (
			);
			runOnlyForDeploymentPostprocessing = 0;
		};
		3447E9FC24A943800036901A /* Frameworks */ = {
			isa = PBXFrameworksBuildPhase;
			buildActionMask = 2147483647;
			files = (
			);
			runOnlyForDeploymentPostprocessing = 0;
		};
/* End PBXFrameworksBuildPhase section */

/* Begin PBXGroup section */
		3447E9DB24A9437E0036901A = {
			isa = PBXGroup;
			children = (
				3447E9E624A9437E0036901A /* SymphoTest */,
				3447EA0224A943800036901A /* SymphoTestTests */,
				3447E9E524A9437E0036901A /* Products */,
			);
			sourceTree = "<group>";
		};
		3447E9E524A9437E0036901A /* Products */ = {
			isa = PBXGroup;
			children = (
				3447E9E424A9437E0036901A /* SymphoProject.app */,
				3447E9FF24A943800036901A /* SymphoProjectTests.xctest */,
			);
			name = Products;
			sourceTree = "<group>";
		};
		3447E9E624A9437E0036901A /* SymphoTest */ = {
			isa = PBXGroup;
			children = (
				3447EA1724A9C5310036901A /* utils */,
				3447EA0E24A9B9FB0036901A /* services */,
				3447E9E724A9437E0036901A /* AppDelegate.h */,
				3447E9E824A9437E0036901A /* AppDelegate.m */,
				3447E9EA24A9437E0036901A /* SceneDelegate.h */,
				3447E9EB24A9437E0036901A /* SceneDelegate.m */,
				3447E9ED24A9437E0036901A /* ViewController.h */,
				3447E9EE24A9437E0036901A /* ViewController.m */,
				3447E9F024A9437E0036901A /* Main.storyboard */,
				3447E9F324A943800036901A /* Assets.xcassets */,
				3447E9F524A943800036901A /* LaunchScreen.storyboard */,
				3447E9F824A943800036901A /* Info.plist */,
				3447E9F924A943800036901A /* main.m */,
			);
			path = SymphoTest;
			sourceTree = "<group>";
		};
		3447EA0224A943800036901A /* SymphoTestTests */ = {
			isa = PBXGroup;
			children = (
				3447EA1B24A9C6D10036901A /* serverResponses */,
				3447EA0324A943800036901A /* SymphoTestTests.m */,
				3447EA1E24A9C73F0036901A /* ServerStub.h */,
				3447EA1F24A9C73F0036901A /* ServerStub.m */,
				3447EA0524A943800036901A /* Info.plist */,
			);
			path = SymphoTestTests;
			sourceTree = "<group>";
		};
		3447EA0E24A9B9FB0036901A /* services */ = {
			isa = PBXGroup;
			children = (
				3447EA0F24A9BA6E0036901A /* BlogService.h */,
				3447EA2824A9D7C00036901A /* BlogService+internal.h */,
				3447EA1024A9BA6E0036901A /* BlogService.m */,
				3447EA2124A9CD520036901A /* Author.h */,
				3447EA2224A9CD520036901A /* Author.m */,
				3447EA2924A9D9390036901A /* Post.h */,
				3447EA2A24A9D9390036901A /* Post.m */,
				3447EA2C24A9D94C0036901A /* Comment.h */,
				3447EA2D24A9D94C0036901A /* Comment.m */,
			);
			path = services;
			sourceTree = "<group>";
		};
		3447EA1724A9C5310036901A /* utils */ = {
			isa = PBXGroup;
			children = (
				3447EA1924A9C5520036901A /* NSThread+Block.h */,
				3447EA1824A9C5520036901A /* NSThread+Block.m */,
			);
			path = utils;
			sourceTree = "<group>";
		};
		3447EA1B24A9C6D10036901A /* serverResponses */ = {
			isa = PBXGroup;
			children = (
				3447EA1C24A9C6E60036901A /* authors_1.json */,
				3447EA2424A9CEC40036901A /* authors_2.json */,
				3447EA2524A9CEC40036901A /* authors_3.json */,
				3447EA3024A9D9F10036901A /* author1_page1.json */,
				3447EA3124A9D9F10036901A /* author1_page2.json */,
				3447EA2F24A9D9F10036901A /* author1_page3.json */,
				3447EA3C24A9F0310036901A /* comments1_page1.json */,
				3447EA3B24A9F0310036901A /* comments1_page2.json */,
				3447EA3A24A9F0310036901A /* comments1_page3.json */,
			);
			path = serverResponses;
			sourceTree = "<group>";
		};
/* End PBXGroup section */

/* Begin PBXNativeTarget section */
		3447E9E324A9437E0036901A /* SymphoProject */ = {
			isa = PBXNativeTarget;
			buildConfigurationList = 3447EA0824A943800036901A /* Build configuration list for PBXNativeTarget "SymphoProject" */;
			buildPhases = (
				3447E9E024A9437E0036901A /* Sources */,
				3447E9E124A9437E0036901A /* Frameworks */,
				3447E9E224A9437E0036901A /* Resources */,
			);
			buildRules = (
			);
			dependencies = (
			);
			name = SymphoProject;
			productName = SymphoTest;
			productReference = 3447E9E424A9437E0036901A /* SymphoProject.app */;
			productType = "com.apple.product-type.application";
		};
		3447E9FE24A943800036901A /* SymphoProjectTests */ = {
			isa = PBXNativeTarget;
			buildConfigurationList = 3447EA0B24A943800036901A /* Build configuration list for PBXNativeTarget "SymphoProjectTests" */;
			buildPhases = (
				3447E9FB24A943800036901A /* Sources */,
				3447E9FC24A943800036901A /* Frameworks */,
				3447E9FD24A943800036901A /* Resources */,
			);
			buildRules = (
			);
			dependencies = (
				3447EA0124A943800036901A /* PBXTargetDependency */,
			);
			name = SymphoProjectTests;
			productName = SymphoTestTests;
			productReference = 3447E9FF24A943800036901A /* SymphoProjectTests.xctest */;
			productType = "com.apple.product-type.bundle.unit-test";
		};
/* End PBXNativeTarget section */

/* Begin PBXProject section */
		3447E9DC24A9437E0036901A /* Project object */ = {
			isa = PBXProject;
			attributes = {
				LastUpgradeCheck = 1140;
				ORGANIZATIONNAME = sympho;
				TargetAttributes = {
					3447E9E324A9437E0036901A = {
						CreatedOnToolsVersion = 11.4.1;
					};
					3447E9FE24A943800036901A = {
						CreatedOnToolsVersion = 11.4.1;
						TestTargetID = 3447E9E324A9437E0036901A;
					};
				};
			};
			buildConfigurationList = 3447E9DF24A9437E0036901A /* Build configuration list for PBXProject "SymphoProject" */;
			compatibilityVersion = "Xcode 9.3";
			developmentRegion = en;
			hasScannedForEncodings = 0;
			knownRegions = (
				en,
				Base,
			);
			mainGroup = 3447E9DB24A9437E0036901A;
			productRefGroup = 3447E9E524A9437E0036901A /* Products */;
			projectDirPath = "";
			projectRoot = "";
			targets = (
				3447E9E324A9437E0036901A /* SymphoProject */,
				3447E9FE24A943800036901A /* SymphoProjectTests */,
			);
		};
/* End PBXProject section */

/* Begin PBXResourcesBuildPhase section */
		3447E9E224A9437E0036901A /* Resources */ = {
			isa = PBXResourcesBuildPhase;
			buildActionMask = 2147483647;
			files = (
				3447E9F724A943800036901A /* LaunchScreen.storyboard in Resources */,
				3447EA3E24A9F0310036901A /* comments1_page2.json in Resources */,
				3447EA2624A9CEC40036901A /* authors_2.json in Resources */,
				3447E9F424A943800036901A /* Assets.xcassets in Resources */,
				3447EA3324A9D9F10036901A /* author1_page1.json in Resources */,
				3447EA3424A9D9F10036901A /* author1_page2.json in Resources */,
				3447E9F224A9437E0036901A /* Main.storyboard in Resources */,
				3447EA2724A9CEC40036901A /* authors_3.json in Resources */,
				3447EA3224A9D9F10036901A /* author1_page3.json in Resources */,
				3447EA3D24A9F0310036901A /* comments1_page3.json in Resources */,
				3447EA3F24A9F0310036901A /* comments1_page1.json in Resources */,
			);
			runOnlyForDeploymentPostprocessing = 0;
		};
		3447E9FD24A943800036901A /* Resources */ = {
			isa = PBXResourcesBuildPhase;
			buildActionMask = 2147483647;
			files = (
				3447EA4024AA19A10036901A /* comments1_page1.json in Resources */,
				3447EA4124AA19A10036901A /* comments1_page2.json in Resources */,
				3447EA4224AA19A10036901A /* comments1_page3.json in Resources */,
				3447EA3524A9E4050036901A /* authors_2.json in Resources */,
				3447EA3624A9E4050036901A /* authors_3.json in Resources */,
				3447EA3724A9E4050036901A /* author1_page1.json in Resources */,
				3447EA3824A9E4050036901A /* author1_page2.json in Resources */,
				3447EA3924A9E4050036901A /* author1_page3.json in Resources */,
				3447EA1D24A9C6E60036901A /* authors_1.json in Resources */,
			);
			runOnlyForDeploymentPostprocessing = 0;
		};
/* End PBXResourcesBuildPhase section */

/* Begin PBXSourcesBuildPhase section */
		3447E9E024A9437E0036901A /* Sources */ = {
			isa = PBXSourcesBuildPhase;
			buildActionMask = 2147483647;
			files = (
				3447EA1124A9BA6E0036901A /* BlogService.m in Sources */,
				3447E9EF24A9437E0036901A /* ViewController.m in Sources */,
				3447EA2E24A9D94C0036901A /* Comment.m in Sources */,
				3447EA1A24A9C5520036901A /* NSThread+Block.m in Sources */,
				3447EA2B24A9D9390036901A /* Post.m in Sources */,
				3447E9E924A9437E0036901A /* AppDelegate.m in Sources */,
				3447E9FA24A943800036901A /* main.m in Sources */,
				3447EA2324A9CD520036901A /* Author.m in Sources */,
				3447E9EC24A9437E0036901A /* SceneDelegate.m in Sources */,
			);
			runOnlyForDeploymentPostprocessing = 0;
		};
		3447E9FB24A943800036901A /* Sources */ = {
			isa = PBXSourcesBuildPhase;
			buildActionMask = 2147483647;
			files = (
				3447EA2024A9C73F0036901A /* ServerStub.m in Sources */,
				3447EA0424A943800036901A /* SymphoTestTests.m in Sources */,
			);
			runOnlyForDeploymentPostprocessing = 0;
		};
/* End PBXSourcesBuildPhase section */

/* Begin PBXTargetDependency section */
		3447EA0124A943800036901A /* PBXTargetDependency */ = {
			isa = PBXTargetDependency;
			target = 3447E9E324A9437E0036901A /* SymphoProject */;
			targetProxy = 3447EA0024A943800036901A /* PBXContainerItemProxy */;
		};
/* End PBXTargetDependency section */

/* Begin PBXVariantGroup section */
		3447E9F024A9437E0036901A /* Main.storyboard */ = {
			isa = PBXVariantGroup;
			children = (
				3447E9F124A9437E0036901A /* Base */,
			);
			name = Main.storyboard;
			sourceTree = "<group>";
		};
		3447E9F524A943800036901A /* LaunchScreen.storyboard */ = {
			isa = PBXVariantGroup;
			children = (
				3447E9F624A943800036901A /* Base */,
			);
			name = LaunchScreen.storyboard;
			sourceTree = "<group>";
		};
/* End PBXVariantGroup section */

/* Begin XCBuildConfiguration section */
		3447EA0624A943800036901A /* Debug */ = {
			isa = XCBuildConfiguration;
			buildSettings = {
				ALWAYS_SEARCH_USER_PATHS = NO;
				CLANG_ANALYZER_NONNULL = YES;
				CLANG_ANALYZER_NUMBER_OBJECT_CONVERSION = YES_AGGRESSIVE;
				CLANG_CXX_LANGUAGE_STANDARD = "gnu++14";
				CLANG_CXX_LIBRARY = "libc++";
				CLANG_ENABLE_MODULES = YES;
				CLANG_ENABLE_OBJC_ARC = YES;
				CLANG_ENABLE_OBJC_WEAK = YES;
				CLANG_WARN_BLOCK_CAPTURE_AUTORELEASING = YES;
				CLANG_WARN_BOOL_CONVERSION = YES;
				CLANG_WARN_COMMA = YES;
				CLANG_WARN_CONSTANT_CONVERSION = YES;
				CLANG_WARN_DEPRECATED_OBJC_IMPLEMENTATIONS = YES;
				CLANG_WARN_DIRECT_OBJC_ISA_USAGE = YES_ERROR;
				CLANG_WARN_DOCUMENTATION_COMMENTS = YES;
				CLANG_WARN_EMPTY_BODY = YES;
				CLANG_WARN_ENUM_CONVERSION = YES;
				CLANG_WARN_INFINITE_RECURSION = YES;
				CLANG_WARN_INT_CONVERSION = YES;
				CLANG_WARN_NON_LITERAL_NULL_CONVERSION = YES;
				CLANG_WARN_OBJC_IMPLICIT_RETAIN_SELF = YES;
				CLANG_WARN_OBJC_LITERAL_CONVERSION = YES;
				CLANG_WARN_OBJC_ROOT_CLASS = YES_ERROR;
				CLANG_WARN_RANGE_LOOP_ANALYSIS = YES;
				CLANG_WARN_STRICT_PROTOTYPES = YES;
				CLANG_WARN_SUSPICIOUS_MOVE = YES;
				CLANG_WARN_UNGUARDED_AVAILABILITY = YES_AGGRESSIVE;
				CLANG_WARN_UNREACHABLE_CODE = YES;
				CLANG_WARN__DUPLICATE_METHOD_MATCH = YES;
				COPY_PHASE_STRIP = NO;
				DEBUG_INFORMATION_FORMAT = dwarf;
				ENABLE_STRICT_OBJC_MSGSEND = YES;
				ENABLE_TESTABILITY = YES;
				GCC_C_LANGUAGE_STANDARD = gnu11;
				GCC_DYNAMIC_NO_PIC = NO;
				GCC_NO_COMMON_BLOCKS = YES;
				GCC_OPTIMIZATION_LEVEL = 0;
				GCC_PREPROCESSOR_DEFINITIONS = (
					"DEBUG=1",
					"$(inherited)",
				);
				GCC_WARN_64_TO_32_BIT_CONVERSION = YES;
				GCC_WARN_ABOUT_RETURN_TYPE = YES_ERROR;
				GCC_WARN_UNDECLARED_SELECTOR = YES;
				GCC_WARN_UNINITIALIZED_AUTOS = YES_AGGRESSIVE;
				GCC_WARN_UNUSED_FUNCTION = YES;
				GCC_WARN_UNUSED_VARIABLE = YES;
				IPHONEOS_DEPLOYMENT_TARGET = 13.4;
				MTL_ENABLE_DEBUG_INFO = INCLUDE_SOURCE;
				MTL_FAST_MATH = YES;
				ONLY_ACTIVE_ARCH = YES;
				SDKROOT = iphoneos;
			};
			name = Debug;
		};
		3447EA0724A943800036901A /* Release */ = {
			isa = XCBuildConfiguration;
			buildSettings = {
				ALWAYS_SEARCH_USER_PATHS = NO;
				CLANG_ANALYZER_NONNULL = YES;
				CLANG_ANALYZER_NUMBER_OBJECT_CONVERSION = YES_AGGRESSIVE;
				CLANG_CXX_LANGUAGE_STANDARD = "gnu++14";
				CLANG_CXX_LIBRARY = "libc++";
				CLANG_ENABLE_MODULES = YES;
				CLANG_ENABLE_OBJC_ARC = YES;
				CLANG_ENABLE_OBJC_WEAK = YES;
				CLANG_WARN_BLOCK_CAPTURE_AUTORELEASING = YES;
				CLANG_WARN_BOOL_CONVERSION = YES;
				CLANG_WARN_COMMA = YES;
				CLANG_WARN_CONSTANT_CONVERSION = YES;
				CLANG_WARN_DEPRECATED_OBJC_IMPLEMENTATIONS = YES;
				CLANG_WARN_DIRECT_OBJC_ISA_USAGE = YES_ERROR;
				CLANG_WARN_DOCUMENTATION_COMMENTS = YES;
				CLANG_WARN_EMPTY_BODY = YES;
				CLANG_WARN_ENUM_CONVERSION = YES;
				CLANG_WARN_INFINITE_RECURSION = YES;
				CLANG_WARN_INT_CONVERSION = YES;
				CLANG_WARN_NON_LITERAL_NULL_CONVERSION = YES;
				CLANG_WARN_OBJC_IMPLICIT_RETAIN_SELF = YES;
				CLANG_WARN_OBJC_LITERAL_CONVERSION = YES;
				CLANG_WARN_OBJC_ROOT_CLASS = YES_ERROR;
				CLANG_WARN_RANGE_LOOP_ANALYSIS = YES;
				CLANG_WARN_STRICT_PROTOTYPES = YES;
				CLANG_WARN_SUSPICIOUS_MOVE = YES;
				CLANG_WARN_UNGUARDED_AVAILABILITY = YES_AGGRESSIVE;
				CLANG_WARN_UNREACHABLE_CODE = YES;
				CLANG_WARN__DUPLICATE_METHOD_MATCH = YES;
				COPY_PHASE_STRIP = NO;
				DEBUG_INFORMATION_FORMAT = "dwarf-with-dsym";
				ENABLE_NS_ASSERTIONS = NO;
				ENABLE_STRICT_OBJC_MSGSEND = YES;
				GCC_C_LANGUAGE_STANDARD = gnu11;
				GCC_NO_COMMON_BLOCKS = YES;
				GCC_WARN_64_TO_32_BIT_CONVERSION = YES;
				GCC_WARN_ABOUT_RETURN_TYPE = YES_ERROR;
				GCC_WARN_UNDECLARED_SELECTOR = YES;
				GCC_WARN_UNINITIALIZED_AUTOS = YES_AGGRESSIVE;
				GCC_WARN_UNUSED_FUNCTION = YES;
				GCC_WARN_UNUSED_VARIABLE = YES;
				IPHONEOS_DEPLOYMENT_TARGET = 13.4;
				MTL_ENABLE_DEBUG_INFO = NO;
				MTL_FAST_MATH = YES;
				SDKROOT = iphoneos;
				VALIDATE_PRODUCT = YES;
			};
			name = Release;
		};
		3447EA0924A943800036901A /* Debug */ = {
			isa = XCBuildConfiguration;
			buildSettings = {
				ASSETCATALOG_COMPILER_APPICON_NAME = AppIcon;
				CODE_SIGN_STYLE = Automatic;
				DEVELOPMENT_TEAM = QDUFAZQ2BD;
				INFOPLIST_FILE = SymphoTest/Info.plist;
				IPHONEOS_DEPLOYMENT_TARGET = 13.0;
				LD_RUNPATH_SEARCH_PATHS = (
					"$(inherited)",
					"@executable_path/Frameworks",
				);
				PRODUCT_BUNDLE_IDENTIFIER = com.sympho.test.SymphoTest;
				PRODUCT_NAME = "$(TARGET_NAME)";
				TARGETED_DEVICE_FAMILY = 1;
			};
			name = Debug;
		};
		3447EA0A24A943800036901A /* Release */ = {
			isa = XCBuildConfiguration;
			buildSettings = {
				ASSETCATALOG_COMPILER_APPICON_NAME = AppIcon;
				CODE_SIGN_STYLE = Automatic;
				DEVELOPMENT_TEAM = QDUFAZQ2BD;
				INFOPLIST_FILE = SymphoTest/Info.plist;
				IPHONEOS_DEPLOYMENT_TARGET = 13.0;
				LD_RUNPATH_SEARCH_PATHS = (
					"$(inherited)",
					"@executable_path/Frameworks",
				);
				PRODUCT_BUNDLE_IDENTIFIER = com.sympho.test.SymphoTest;
				PRODUCT_NAME = "$(TARGET_NAME)";
				TARGETED_DEVICE_FAMILY = 1;
			};
			name = Release;
		};
		3447EA0C24A943800036901A /* Debug */ = {
			isa = XCBuildConfiguration;
			buildSettings = {
				BUNDLE_LOADER = "$(TEST_HOST)";
				CODE_SIGN_STYLE = Automatic;
				DEVELOPMENT_TEAM = QDUFAZQ2BD;
				INFOPLIST_FILE = SymphoTestTests/Info.plist;
				IPHONEOS_DEPLOYMENT_TARGET = 13.4;
				LD_RUNPATH_SEARCH_PATHS = (
					"$(inherited)",
					"@executable_path/Frameworks",
					"@loader_path/Frameworks",
				);
				PRODUCT_BUNDLE_IDENTIFIER = com.sympho.test.SymphoTestTests;
				PRODUCT_NAME = "$(TARGET_NAME)";
				TARGETED_DEVICE_FAMILY = "1,2";
				TEST_HOST = "$(BUILT_PRODUCTS_DIR)/SymphoProject.app/SymphoProject";
			};
			name = Debug;
		};
		3447EA0D24A943800036901A /* Release */ = {
			isa = XCBuildConfiguration;
			buildSettings = {
				BUNDLE_LOADER = "$(TEST_HOST)";
				CODE_SIGN_STYLE = Automatic;
				DEVELOPMENT_TEAM = QDUFAZQ2BD;
				INFOPLIST_FILE = SymphoTestTests/Info.plist;
				IPHONEOS_DEPLOYMENT_TARGET = 13.4;
				LD_RUNPATH_SEARCH_PATHS = (
					"$(inherited)",
					"@executable_path/Frameworks",
					"@loader_path/Frameworks",
				);
				PRODUCT_BUNDLE_IDENTIFIER = com.sympho.test.SymphoTestTests;
				PRODUCT_NAME = "$(TARGET_NAME)";
				TARGETED_DEVICE_FAMILY = "1,2";
				TEST_HOST = "$(BUILT_PRODUCTS_DIR)/SymphoProject.app/SymphoProject";
			};
			name = Release;
		};
/* End XCBuildConfiguration section */

/* Begin XCConfigurationList section */
		3447E9DF24A9437E0036901A /* Build configuration list for PBXProject "SymphoProject" */ = {
			isa = XCConfigurationList;
			buildConfigurations = (
				3447EA0624A943800036901A /* Debug */,
				3447EA0724A943800036901A /* Release */,
			);
			defaultConfigurationIsVisible = 0;
			defaultConfigurationName = Release;
		};
		3447EA0824A943800036901A /* Build configuration list for PBXNativeTarget "SymphoProject" */ = {
			isa = XCConfigurationList;
			buildConfigurations = (
				3447EA0924A943800036901A /* Debug */,
				3447EA0A24A943800036901A /* Release */,
			);
			defaultConfigurationIsVisible = 0;
			defaultConfigurationName = Release;
		};
		3447EA0B24A943800036901A /* Build configuration list for PBXNativeTarget "SymphoProjectTests" */ = {
			isa = XCConfigurationList;
			buildConfigurations = (
				3447EA0C24A943800036901A /* Debug */,
				3447EA0D24A943800036901A /* Release */,
			);
			defaultConfigurationIsVisible = 0;
			defaultConfigurationName = Release;
		};
/* End XCConfigurationList section */
	};
	rootObject = 3447E9DC24A9437E0036901A /* Project object */;
}
